{
  "originHash" : "056e993c18795153f8f4ebd9fd521978169477c2cd70b5da9bcc0f9acc9691ab",
  "pins" : [
    {
      "identity" : "quicklooking",
      "kind" : "remoteSourceControl",
      "location" : "https://github.com/TopScrech/QuickLooking",
      "state" : {
        "branch" : "main",
        "revision" : "83b4dc673af60a9068aca150e8a474f9036f80bc"
      }
    },
    {
      "identity" : "screchkit",
      "kind" : "remoteSourceControl",
      "location" : "https://github.com/TopScrech/ScrechKit",
      "state" : {
        "branch" : "main",
        "revision" : "6172654dde91360219c3cf5008b8adc6467f5fde"
      }
    }
  ],
  "version" : 3
}
