{
  "originHash" : "fbcb66da1aa49b448e1541f0abd792412a9f3499b4d8558fd8ef4382a46dd4c1",
  "pins" : [
    {
      "identity" : "quicklooking",
      "kind" : "remoteSourceControl",
      "location" : "https://github.com/TopScrech/QuickLooking",
      "state" : {
        "revision" : "ebb52c600a920020f224c244dc263c673580ee42",
        "version" : "1.0.2"
      }
    },
    {
      "identity" : "screchkit",
      "kind" : "remoteSourceControl",
      "location" : "https://github.com/TopScrech/ScrechKit",
      "state" : {
        "revision" : "bc5f6b5c251ae16c5d29a50a642ac95a9fe8d0e7",
        "version" : "1.0.10"
      }
    }
  ],
  "version" : 3
}
