{
  "originHash" : "fbcb66da1aa49b448e1541f0abd792412a9f3499b4d8558fd8ef4382a46dd4c1",
  "pins" : [
    {
      "identity" : "quicklooking",
      "kind" : "remoteSourceControl",
      "location" : "https://github.com/TopScrech/QuickLooking",
      "state" : {
        "branch" : "main",
        "revision" : "7d1e23f833513c707eec6ccf536c3ac91024be8c"
      }
    },
    {
      "identity" : "screchkit",
      "kind" : "remoteSourceControl",
      "location" : "https://github.com/TopScrech/ScrechKit",
      "state" : {
        "branch" : "main",
        "revision" : "28f4be08c8801f324b0c6e107edf5982291296f6"
      }
    }
  ],
  "version" : 3
}
