// !$*UTF8*$!
{
	archiveVersion = 1;
	classes = {
	};
	objectVersion = 90;
	objects = {

/* Begin PBXBuildFile section */
		F34F7D642DF018F900F0D0F5 /* Image Row VM.swift in Sources */ = {isa = PBXBuildFile; fileRef = F37F0AC72CA5DBA700FD99F2 /* Image Row VM.swift */; };
		F34F7D652DF0191200F0D0F5 /* Image Row.swift in Sources */ = {isa = PBXBuildFile; fileRef = F3ECFE6F2CA5960200E72D41 /* Image Row.swift */; };
		F34F7D672DF019C100F0D0F5 /* QuickLooking in Frameworks */ = {isa = PBXBuildFile; productRef = F34F7D662DF019C100F0D0F5 /* QuickLooking */; };
		F34F7D682DF0217E00F0D0F5 /* Photo Library View.swift in Sources */ = {isa = PBXBuildFile; fileRef = F3ECFE662CA58A8000E72D41 /* Photo Library View.swift */; };
		F34F7D692DF0352200F0D0F5 /* Home View.swift in Sources */ = {isa = PBXBuildFile; fileRef = F37F0ABB2CA5CD9100FD99F2 /* Home View.swift */; };
		F37F0AB32CA5A2E800FD99F2 /* ScrechKit in Frameworks */ = {isa = PBXBuildFile; productRef = F37F0AB22CA5A2E800FD99F2 /* ScrechKit */; };
		F37F0AB52CA5B7E900FD99F2 /* Intro Screen.swift in Sources */ = {isa = PBXBuildFile; fileRef = F37F0AB42CA5B7E900FD99F2 /* Intro Screen.swift */; };
		F37F0AB82CA5BFF500FD99F2 /* Intro Screen 2.swift in Sources */ = {isa = PBXBuildFile; fileRef = F37F0AB72CA5BFF500FD99F2 /* Intro Screen 2.swift */; };
		F37F0ABA2CA5C58400FD99F2 /* Big Button.swift in Sources */ = {isa = PBXBuildFile; fileRef = F37F0AB92CA5C58400FD99F2 /* Big Button.swift */; };
		F37F0ABC2CA5CD9100FD99F2 /* Home View.swift in Sources */ = {isa = PBXBuildFile; fileRef = F37F0ABB2CA5CD9100FD99F2 /* Home View.swift */; };
		F37F0ABE2CA5CDF000FD99F2 /* Settings View.swift in Sources */ = {isa = PBXBuildFile; fileRef = F37F0ABD2CA5CDF000FD99F2 /* Settings View.swift */; };
		F37F0AC02CA5D13200FD99F2 /* Big Link.swift in Sources */ = {isa = PBXBuildFile; fileRef = F37F0ABF2CA5D13200FD99F2 /* Big Link.swift */; };
		F37F0AC42CA5D8F000FD99F2 /* QuickLooking in Frameworks */ = {isa = PBXBuildFile; productRef = F37F0AC32CA5D8F000FD99F2 /* QuickLooking */; };
		F37F0AC82CA5DBA700FD99F2 /* Image Row VM.swift in Sources */ = {isa = PBXBuildFile; fileRef = F37F0AC72CA5DBA700FD99F2 /* Image Row VM.swift */; };
		F37F0ACA2CA5F4FE00FD99F2 /* Quick Look File.swift in Sources */ = {isa = PBXBuildFile; fileRef = F37F0AC92CA5F4FE00FD99F2 /* Quick Look File.swift */; };
		F37F0ACC2CA6821800FD99F2 /* ValueStore.swift in Sources */ = {isa = PBXBuildFile; fileRef = F37F0ACB2CA6821800FD99F2 /* ValueStore.swift */; };
		F37F0ACE2CA6AA2B00FD99F2 /* Progress Button.swift in Sources */ = {isa = PBXBuildFile; fileRef = F37F0ACD2CA6AA2B00FD99F2 /* Progress Button.swift */; };
		F37F0AD02CA6B3B300FD99F2 /* Video Row.swift in Sources */ = {isa = PBXBuildFile; fileRef = F37F0ACF2CA6B3B300FD99F2 /* Video Row.swift */; };
		F37F0AD42CA6FAFF00FD99F2 /* Video Thumbnail.swift in Sources */ = {isa = PBXBuildFile; fileRef = F37F0AD32CA6FAFF00FD99F2 /* Video Thumbnail.swift */; };
		F37F0AD62CA758A400FD99F2 /* Localizable.xcstrings in Resources */ = {isa = PBXBuildFile; fileRef = F37F0AD52CA758A400FD99F2 /* Localizable.xcstrings */; };
		F37F0AD82CA7FFDE00FD99F2 /* Sheet Enable Policy.swift in Sources */ = {isa = PBXBuildFile; fileRef = F37F0AD72CA7FFDE00FD99F2 /* Sheet Enable Policy.swift */; };
		F3B25EAB2CBFD9BB000C8795 /* Assets.xcassets in Resources */ = {isa = PBXBuildFile; fileRef = F3B25EA52CBFD9BB000C8795 /* Assets.xcassets */; };
		F3B25EB02CBFD9F2000C8795 /* ScrechKit in Frameworks */ = {isa = PBXBuildFile; productRef = F3B25EAF2CBFD9F2000C8795 /* ScrechKit */; };
		F3B25EB32CBFDABD000C8795 /* Sensitivity Analyzer.swift in Sources */ = {isa = PBXBuildFile; fileRef = F3ECFE752CA5976000E72D41 /* Sensitivity Analyzer.swift */; };
		F3B25EB42CBFDAD3000C8795 /* ValueStore.swift in Sources */ = {isa = PBXBuildFile; fileRef = F37F0ACB2CA6821800FD99F2 /* ValueStore.swift */; };
		F3B25EB52CBFDC2C000C8795 /* Intro Screen.swift in Sources */ = {isa = PBXBuildFile; fileRef = F37F0AB42CA5B7E900FD99F2 /* Intro Screen.swift */; };
		F3B25EB62CBFDC2C000C8795 /* Big Button.swift in Sources */ = {isa = PBXBuildFile; fileRef = F37F0AB92CA5C58400FD99F2 /* Big Button.swift */; };
		F3B25EB72CBFDC2C000C8795 /* Intro Screen 2.swift in Sources */ = {isa = PBXBuildFile; fileRef = F37F0AB72CA5BFF500FD99F2 /* Intro Screen 2.swift */; };
		F3B25EB82CBFDC2C000C8795 /* Progress Button.swift in Sources */ = {isa = PBXBuildFile; fileRef = F37F0ACD2CA6AA2B00FD99F2 /* Progress Button.swift */; };
		F3B25EB92CBFDC2C000C8795 /* Big Link.swift in Sources */ = {isa = PBXBuildFile; fileRef = F37F0ABF2CA5D13200FD99F2 /* Big Link.swift */; };
		F3B25EBE2CBFDC84000C8795 /* Settings View.swift in Sources */ = {isa = PBXBuildFile; fileRef = F37F0ABD2CA5CDF000FD99F2 /* Settings View.swift */; };
		F3B25EBF2CBFDD05000C8795 /* Dickpic.swift in Sources */ = {isa = PBXBuildFile; fileRef = F3ECFE682CA58A8000E72D41 /* Dickpic.swift */; };
		F3B25EC02CBFDD14000C8795 /* App Container.swift in Sources */ = {isa = PBXBuildFile; fileRef = F3ECFE732CA5967C00E72D41 /* App Container.swift */; };
		F3B25EC42CBFDD72000C8795 /* Sheet Enable Policy.swift in Sources */ = {isa = PBXBuildFile; fileRef = F37F0AD72CA7FFDE00FD99F2 /* Sheet Enable Policy.swift */; };
		F3D315382E00B6EA0068EFF5 /* Background Task.swift in Sources */ = {isa = PBXBuildFile; fileRef = F3D315362E00B6EA0068EFF5 /* Background Task.swift */; };
		F3D3153B2E00D3F10068EFF5 /* Photo Library VM Mac.swift in Sources */ = {isa = PBXBuildFile; fileRef = F3D315392E00D3F10068EFF5 /* Photo Library VM Mac.swift */; };
		F3EC94872DF3A1BF008F974E /* Scan Folder.swift in Sources */ = {isa = PBXBuildFile; fileRef = F3EC94862DF3A1BF008F974E /* Scan Folder.swift */; };
		F3ECFE6B2CA58A8000E72D41 /* Assets.xcassets in Resources */ = {isa = PBXBuildFile; fileRef = F3ECFE652CA58A8000E72D41 /* Assets.xcassets */; };
		F3ECFE6C2CA58A8000E72D41 /* Photo Library View.swift in Sources */ = {isa = PBXBuildFile; fileRef = F3ECFE662CA58A8000E72D41 /* Photo Library View.swift */; };
		F3ECFE6D2CA58A8000E72D41 /* Dickpic.swift in Sources */ = {isa = PBXBuildFile; fileRef = F3ECFE682CA58A8000E72D41 /* Dickpic.swift */; };
		F3ECFE702CA5960200E72D41 /* Image Row.swift in Sources */ = {isa = PBXBuildFile; fileRef = F3ECFE6F2CA5960200E72D41 /* Image Row.swift */; };
		F3ECFE722CA5961400E72D41 /* Photo Library VM.swift in Sources */ = {isa = PBXBuildFile; fileRef = F3ECFE712CA5961400E72D41 /* Photo Library VM.swift */; };
		F3ECFE742CA5967C00E72D41 /* App Container.swift in Sources */ = {isa = PBXBuildFile; fileRef = F3ECFE732CA5967C00E72D41 /* App Container.swift */; };
		F3ECFE762CA5976000E72D41 /* Sensitivity Analyzer.swift in Sources */ = {isa = PBXBuildFile; fileRef = F3ECFE752CA5976000E72D41 /* Sensitivity Analyzer.swift */; };
/* End PBXBuildFile section */

/* Begin PBXFileReference section */
		F37F0AB42CA5B7E900FD99F2 /* Intro Screen.swift */ = {isa = PBXFileReference; lastKnownFileType = sourcecode.swift; path = "Intro Screen.swift"; sourceTree = "<group>"; };
		F37F0AB72CA5BFF500FD99F2 /* Intro Screen 2.swift */ = {isa = PBXFileReference; lastKnownFileType = sourcecode.swift; path = "Intro Screen 2.swift"; sourceTree = "<group>"; };
		F37F0AB92CA5C58400FD99F2 /* Big Button.swift */ = {isa = PBXFileReference; lastKnownFileType = sourcecode.swift; path = "Big Button.swift"; sourceTree = "<group>"; };
		F37F0ABB2CA5CD9100FD99F2 /* Home View.swift */ = {isa = PBXFileReference; lastKnownFileType = sourcecode.swift; path = "Home View.swift"; sourceTree = "<group>"; };
		F37F0ABD2CA5CDF000FD99F2 /* Settings View.swift */ = {isa = PBXFileReference; lastKnownFileType = sourcecode.swift; path = "Settings View.swift"; sourceTree = "<group>"; };
		F37F0ABF2CA5D13200FD99F2 /* Big Link.swift */ = {isa = PBXFileReference; lastKnownFileType = sourcecode.swift; path = "Big Link.swift"; sourceTree = "<group>"; };
		F37F0AC72CA5DBA700FD99F2 /* Image Row VM.swift */ = {isa = PBXFileReference; lastKnownFileType = sourcecode.swift; path = "Image Row VM.swift"; sourceTree = "<group>"; };
		F37F0AC92CA5F4FE00FD99F2 /* Quick Look File.swift */ = {isa = PBXFileReference; lastKnownFileType = sourcecode.swift; path = "Quick Look File.swift"; sourceTree = "<group>"; };
		F37F0ACB2CA6821800FD99F2 /* ValueStore.swift */ = {isa = PBXFileReference; lastKnownFileType = sourcecode.swift; path = ValueStore.swift; sourceTree = "<group>"; };
		F37F0ACD2CA6AA2B00FD99F2 /* Progress Button.swift */ = {isa = PBXFileReference; lastKnownFileType = sourcecode.swift; path = "Progress Button.swift"; sourceTree = "<group>"; };
		F37F0ACF2CA6B3B300FD99F2 /* Video Row.swift */ = {isa = PBXFileReference; lastKnownFileType = sourcecode.swift; path = "Video Row.swift"; sourceTree = "<group>"; };
		F37F0AD32CA6FAFF00FD99F2 /* Video Thumbnail.swift */ = {isa = PBXFileReference; lastKnownFileType = sourcecode.swift; path = "Video Thumbnail.swift"; sourceTree = "<group>"; };
		F37F0AD52CA758A400FD99F2 /* Localizable.xcstrings */ = {isa = PBXFileReference; lastKnownFileType = text.json.xcstrings; path = Localizable.xcstrings; sourceTree = "<group>"; };
		F37F0AD72CA7FFDE00FD99F2 /* Sheet Enable Policy.swift */ = {isa = PBXFileReference; lastKnownFileType = sourcecode.swift; path = "Sheet Enable Policy.swift"; sourceTree = "<group>"; };
		F3B25E942CBFD97C000C8795 /* macOS.app */ = {isa = PBXFileReference; explicitFileType = wrapper.application; includeInIndex = 0; path = macOS.app; sourceTree = BUILT_PRODUCTS_DIR; };
		F3B25EA52CBFD9BB000C8795 /* Assets.xcassets */ = {isa = PBXFileReference; lastKnownFileType = folder.assetcatalog; path = Assets.xcassets; sourceTree = "<group>"; };
		F3B25EA72CBFD9BB000C8795 /* macOS.entitlements */ = {isa = PBXFileReference; lastKnownFileType = text.plist.entitlements; path = macOS.entitlements; sourceTree = "<group>"; };
		F3B25EB12CBFDA08000C8795 /* macOS.plist */ = {isa = PBXFileReference; lastKnownFileType = text.plist.xml; path = macOS.plist; sourceTree = "<group>"; };
		F3D315362E00B6EA0068EFF5 /* Background Task.swift */ = {isa = PBXFileReference; lastKnownFileType = sourcecode.swift; path = "Background Task.swift"; sourceTree = "<group>"; };
		F3D315392E00D3F10068EFF5 /* Photo Library VM Mac.swift */ = {isa = PBXFileReference; lastKnownFileType = sourcecode.swift; path = "Photo Library VM Mac.swift"; sourceTree = "<group>"; };
		F3EC94862DF3A1BF008F974E /* Scan Folder.swift */ = {isa = PBXFileReference; lastKnownFileType = sourcecode.swift; path = "Scan Folder.swift"; sourceTree = "<group>"; };
		F3ECFE512CA58A7100E72D41 /* Dickpic.app */ = {isa = PBXFileReference; explicitFileType = wrapper.application; includeInIndex = 0; path = Dickpic.app; sourceTree = BUILT_PRODUCTS_DIR; };
		F3ECFE652CA58A8000E72D41 /* Assets.xcassets */ = {isa = PBXFileReference; lastKnownFileType = folder.assetcatalog; path = Assets.xcassets; sourceTree = "<group>"; };
		F3ECFE662CA58A8000E72D41 /* Photo Library View.swift */ = {isa = PBXFileReference; lastKnownFileType = sourcecode.swift; path = "Photo Library View.swift"; sourceTree = "<group>"; };
		F3ECFE672CA58A8000E72D41 /* iOS.entitlements */ = {isa = PBXFileReference; lastKnownFileType = text.plist.entitlements; path = iOS.entitlements; sourceTree = "<group>"; };
		F3ECFE682CA58A8000E72D41 /* Dickpic.swift */ = {isa = PBXFileReference; lastKnownFileType = sourcecode.swift; path = Dickpic.swift; sourceTree = "<group>"; };
		F3ECFE6E2CA58CFB00E72D41 /* iOS.plist */ = {isa = PBXFileReference; lastKnownFileType = text.plist.xml; path = iOS.plist; sourceTree = "<group>"; };
		F3ECFE6F2CA5960200E72D41 /* Image Row.swift */ = {isa = PBXFileReference; lastKnownFileType = sourcecode.swift; path = "Image Row.swift"; sourceTree = "<group>"; };
		F3ECFE712CA5961400E72D41 /* Photo Library VM.swift */ = {isa = PBXFileReference; lastKnownFileType = sourcecode.swift; path = "Photo Library VM.swift"; sourceTree = "<group>"; };
		F3ECFE732CA5967C00E72D41 /* App Container.swift */ = {isa = PBXFileReference; lastKnownFileType = sourcecode.swift; path = "App Container.swift"; sourceTree = "<group>"; };
		F3ECFE752CA5976000E72D41 /* Sensitivity Analyzer.swift */ = {isa = PBXFileReference; lastKnownFileType = sourcecode.swift; path = "Sensitivity Analyzer.swift"; sourceTree = "<group>"; };
/* End PBXFileReference section */

/* Begin PBXFrameworksBuildPhase section */
		F3B25E912CBFD97C000C8795 /* Frameworks */ = {
			isa = PBXFrameworksBuildPhase;
			files = (
				F34F7D672DF019C100F0D0F5 /* QuickLooking in Frameworks */,
				F3B25EB02CBFD9F2000C8795 /* ScrechKit in Frameworks */,
			);
		};
		F3ECFE4E2CA58A7100E72D41 /* Frameworks */ = {
			isa = PBXFrameworksBuildPhase;
			files = (
				F37F0AC42CA5D8F000FD99F2 /* QuickLooking in Frameworks */,
				F37F0AB32CA5A2E800FD99F2 /* ScrechKit in Frameworks */,
			);
		};
/* End PBXFrameworksBuildPhase section */

/* Begin PBXGroup section */
		F37F0AB62CA5B7F400FD99F2 /* Intro */ = {
			isa = PBXGroup;
			children = (
				F37F0AB42CA5B7E900FD99F2 /* Intro Screen.swift */,
				F37F0AB72CA5BFF500FD99F2 /* Intro Screen 2.swift */,
				F37F0AB92CA5C58400FD99F2 /* Big Button.swift */,
				F37F0ACD2CA6AA2B00FD99F2 /* Progress Button.swift */,
				F37F0ABF2CA5D13200FD99F2 /* Big Link.swift */,
			);
			path = Intro;
			sourceTree = "<group>";
		};
		F37F0AC12CA5D35E00FD99F2 /* Settings */ = {
			isa = PBXGroup;
			children = (
				F37F0ABD2CA5CDF000FD99F2 /* Settings View.swift */,
			);
			path = Settings;
			sourceTree = "<group>";
		};
		F3B25E8F2CBFD5C9000C8795 /* Nav */ = {
			isa = PBXGroup;
			children = (
				F3ECFE732CA5967C00E72D41 /* App Container.swift */,
			);
			path = Nav;
			sourceTree = "<group>";
		};
		F3B25EA92CBFD9BB000C8795 /* macOS */ = {
			isa = PBXGroup;
			children = (
				F3B25EB12CBFDA08000C8795 /* macOS.plist */,
				F3B25EA72CBFD9BB000C8795 /* macOS.entitlements */,
				F3B25EA52CBFD9BB000C8795 /* Assets.xcassets */,
				F3EC94862DF3A1BF008F974E /* Scan Folder.swift */,
			);
			path = macOS;
			sourceTree = "<group>";
		};
		F3B25EAE2CBFD9F2000C8795 /* Frameworks */ = {
			isa = PBXGroup;
			children = (
			);
			name = Frameworks;
			sourceTree = "<group>";
		};
		F3ECFE482CA58A7100E72D41 = {
			isa = PBXGroup;
			children = (
				F3ECFE692CA58A8000E72D41 /* Dickpic */,
				F3B25EA92CBFD9BB000C8795 /* macOS */,
				F3B25EAE2CBFD9F2000C8795 /* Frameworks */,
				F3ECFE522CA58A7100E72D41 /* Products */,
			);
			sourceTree = "<group>";
		};
		F3ECFE522CA58A7100E72D41 /* Products */ = {
			isa = PBXGroup;
			children = (
				F3ECFE512CA58A7100E72D41 /* Dickpic.app */,
				F3B25E942CBFD97C000C8795 /* macOS.app */,
			);
			name = Products;
			sourceTree = "<group>";
		};
		F3ECFE692CA58A8000E72D41 /* Dickpic */ = {
			isa = PBXGroup;
			children = (
				F3ECFE682CA58A8000E72D41 /* Dickpic.swift */,
				F37F0ACB2CA6821800FD99F2 /* ValueStore.swift */,
				F3B25E8F2CBFD5C9000C8795 /* Nav */,
				F3ECFE6E2CA58CFB00E72D41 /* iOS.plist */,
				F3ECFE672CA58A8000E72D41 /* iOS.entitlements */,
				F3ECFE652CA58A8000E72D41 /* Assets.xcassets */,
				F37F0AD52CA758A400FD99F2 /* Localizable.xcstrings */,
				F37F0ABB2CA5CD9100FD99F2 /* Home View.swift */,
				F37F0AB62CA5B7F400FD99F2 /* Intro */,
				F37F0AD72CA7FFDE00FD99F2 /* Sheet Enable Policy.swift */,
				F3ECFE662CA58A8000E72D41 /* Photo Library View.swift */,
				F3ECFE712CA5961400E72D41 /* Photo Library VM.swift */,
				F3D315392E00D3F10068EFF5 /* Photo Library VM Mac.swift */,
				F3D315362E00B6EA0068EFF5 /* Background Task.swift */,
				F3ECFE6F2CA5960200E72D41 /* Image Row.swift */,
				F37F0AC72CA5DBA700FD99F2 /* Image Row VM.swift */,
				F37F0ACF2CA6B3B300FD99F2 /* Video Row.swift */,
				F37F0AD32CA6FAFF00FD99F2 /* Video Thumbnail.swift */,
				F37F0AC92CA5F4FE00FD99F2 /* Quick Look File.swift */,
				F3ECFE752CA5976000E72D41 /* Sensitivity Analyzer.swift */,
				F37F0AC12CA5D35E00FD99F2 /* Settings */,
			);
			path = Dickpic;
			sourceTree = "<group>";
		};
/* End PBXGroup section */

/* Begin PBXNativeTarget section */
		F3B25E932CBFD97C000C8795 /* macOS */ = {
			isa = PBXNativeTarget;
			buildConfigurationList = F3B25EA22CBFD97D000C8795 /* Build configuration list for PBXNativeTarget "macOS" */;
			buildPhases = (
				F3B25E902CBFD97C000C8795 /* Sources */,
				F3B25E912CBFD97C000C8795 /* Frameworks */,
				F3B25E922CBFD97C000C8795 /* Resources */,
			);
			buildRules = (
			);
			name = macOS;
			packageProductDependencies = (
				F3B25EAF2CBFD9F2000C8795 /* ScrechKit */,
				F34F7D662DF019C100F0D0F5 /* QuickLooking */,
			);
			productName = "Dickpic macos";
			productReference = F3B25E942CBFD97C000C8795 /* macOS.app */;
			productType = "com.apple.product-type.application";
		};
		F3ECFE502CA58A7100E72D41 /* Dickpic */ = {
			isa = PBXNativeTarget;
			buildConfigurationList = F3ECFE602CA58A7100E72D41 /* Build configuration list for PBXNativeTarget "Dickpic" */;
			buildPhases = (
				F3ECFE4D2CA58A7100E72D41 /* Sources */,
				F3ECFE4E2CA58A7100E72D41 /* Frameworks */,
				F3ECFE4F2CA58A7100E72D41 /* Resources */,
			);
			buildRules = (
			);
			name = Dickpic;
			packageProductDependencies = (
				F37F0AB22CA5A2E800FD99F2 /* ScrechKit */,
				F37F0AC32CA5D8F000FD99F2 /* QuickLooking */,
			);
			productName = Dickpic;
			productReference = F3ECFE512CA58A7100E72D41 /* Dickpic.app */;
			productType = "com.apple.product-type.application";
		};
/* End PBXNativeTarget section */

/* Begin PBXProject section */
		F3ECFE492CA58A7100E72D41 /* Project object */ = {
			isa = PBXProject;
			attributes = {
				BuildIndependentTargetsInParallel = 1;
				LastSwiftUpdateCheck = 1600;
				LastUpgradeCheck = 2600;
				TargetAttributes = {
					F3B25E932CBFD97C000C8795 = {
						CreatedOnToolsVersion = 16.0;
					};
					F3ECFE502CA58A7100E72D41 = {
						CreatedOnToolsVersion = 16.0;
					};
				};
			};
			buildConfigurationList = F3ECFE4C2CA58A7100E72D41 /* Build configuration list for PBXProject "Dickpic" */;
			developmentRegion = en;
			hasScannedForEncodings = 0;
			knownRegions = (
				en,
				Base,
				ru,
				nl,
			);
			mainGroup = F3ECFE482CA58A7100E72D41;
			minimizedProjectReferenceProxies = 1;
			packageReferences = (
				F37F0AB12CA5A2E800FD99F2 /* XCRemoteSwiftPackageReference "ScrechKit" */,
				F37F0AC22CA5D8F000FD99F2 /* XCRemoteSwiftPackageReference "QuickLooking" */,
			);
			preferredProjectObjectVersion = 90;
			productRefGroup = F3ECFE522CA58A7100E72D41 /* Products */;
			projectDirPath = "";
			projectRoot = "";
			targets = (
				F3ECFE502CA58A7100E72D41 /* Dickpic */,
				F3B25E932CBFD97C000C8795 /* macOS */,
			);
		};
/* End PBXProject section */

/* Begin PBXResourcesBuildPhase section */
		F3B25E922CBFD97C000C8795 /* Resources */ = {
			isa = PBXResourcesBuildPhase;
			files = (
				F3B25EAB2CBFD9BB000C8795 /* Assets.xcassets in Resources */,
			);
		};
		F3ECFE4F2CA58A7100E72D41 /* Resources */ = {
			isa = PBXResourcesBuildPhase;
			files = (
				F37F0AD62CA758A400FD99F2 /* Localizable.xcstrings in Resources */,
				F3ECFE6B2CA58A8000E72D41 /* Assets.xcassets in Resources */,
			);
		};
/* End PBXResourcesBuildPhase section */

/* Begin PBXSourcesBuildPhase section */
		F3B25E902CBFD97C000C8795 /* Sources */ = {
			isa = PBXSourcesBuildPhase;
			files = (
				F3B25EB42CBFDAD3000C8795 /* ValueStore.swift in Sources */,
				F3B25EB52CBFDC2C000C8795 /* Intro Screen.swift in Sources */,
				F3B25EBF2CBFDD05000C8795 /* Dickpic.swift in Sources */,
				F3B25EC42CBFDD72000C8795 /* Sheet Enable Policy.swift in Sources */,
				F3EC94872DF3A1BF008F974E /* Scan Folder.swift in Sources */,
				F34F7D642DF018F900F0D0F5 /* Image Row VM.swift in Sources */,
				F3B25EB62CBFDC2C000C8795 /* Big Button.swift in Sources */,
				F34F7D652DF0191200F0D0F5 /* Image Row.swift in Sources */,
				F3B25EBE2CBFDC84000C8795 /* Settings View.swift in Sources */,
				F3B25EB72CBFDC2C000C8795 /* Intro Screen 2.swift in Sources */,
				F3B25EB82CBFDC2C000C8795 /* Progress Button.swift in Sources */,
				F3B25EB92CBFDC2C000C8795 /* Big Link.swift in Sources */,
				F34F7D682DF0217E00F0D0F5 /* Photo Library View.swift in Sources */,
				F3B25EC02CBFDD14000C8795 /* App Container.swift in Sources */,
				F34F7D692DF0352200F0D0F5 /* Home View.swift in Sources */,
				F3B25EB32CBFDABD000C8795 /* Sensitivity Analyzer.swift in Sources */,
				F3D3153B2E00D3F10068EFF5 /* Photo Library VM Mac.swift in Sources */,
			);
		};
		F3ECFE4D2CA58A7100E72D41 /* Sources */ = {
			isa = PBXSourcesBuildPhase;
			files = (
				F37F0AC82CA5DBA700FD99F2 /* Image Row VM.swift in Sources */,
				F37F0AC02CA5D13200FD99F2 /* Big Link.swift in Sources */,
				F37F0ACA2CA5F4FE00FD99F2 /* Quick Look File.swift in Sources */,
				F3D315382E00B6EA0068EFF5 /* Background Task.swift in Sources */,
				F3ECFE6C2CA58A8000E72D41 /* Photo Library View.swift in Sources */,
				F37F0AD42CA6FAFF00FD99F2 /* Video Thumbnail.swift in Sources */,
				F37F0AD02CA6B3B300FD99F2 /* Video Row.swift in Sources */,
				F3ECFE722CA5961400E72D41 /* Photo Library VM.swift in Sources */,
				F37F0ACC2CA6821800FD99F2 /* ValueStore.swift in Sources */,
				F3ECFE742CA5967C00E72D41 /* App Container.swift in Sources */,
				F37F0ABC2CA5CD9100FD99F2 /* Home View.swift in Sources */,
				F37F0ACE2CA6AA2B00FD99F2 /* Progress Button.swift in Sources */,
				F37F0ABE2CA5CDF000FD99F2 /* Settings View.swift in Sources */,
				F37F0AB82CA5BFF500FD99F2 /* Intro Screen 2.swift in Sources */,
				F3ECFE6D2CA58A8000E72D41 /* Dickpic.swift in Sources */,
				F3ECFE702CA5960200E72D41 /* Image Row.swift in Sources */,
				F3ECFE762CA5976000E72D41 /* Sensitivity Analyzer.swift in Sources */,
				F37F0AB52CA5B7E900FD99F2 /* Intro Screen.swift in Sources */,
				F37F0AD82CA7FFDE00FD99F2 /* Sheet Enable Policy.swift in Sources */,
				F37F0ABA2CA5C58400FD99F2 /* Big Button.swift in Sources */,
			);
		};
/* End PBXSourcesBuildPhase section */

/* Begin XCBuildConfiguration section */
		F3B25EA02CBFD97D000C8795 /* Debug configuration for PBXNativeTarget "macOS" */ = {
			isa = XCBuildConfiguration;
			buildSettings = {
				ASSETCATALOG_COMPILER_APPICON_NAME = AppIcon;
				ASSETCATALOG_COMPILER_GLOBAL_ACCENT_COLOR_NAME = AccentColor;
				CODE_SIGN_ENTITLEMENTS = macOS/macOS.entitlements;
				CODE_SIGN_STYLE = Automatic;
				COMBINE_HIDPI_IMAGES = YES;
				CURRENT_PROJECT_VERSION = 0;
				DEAD_CODE_STRIPPING = YES;
				DEVELOPMENT_ASSET_PATHS = "";
				ENABLE_APP_SANDBOX = YES;
				ENABLE_HARDENED_RUNTIME = YES;
				ENABLE_PREVIEWS = YES;
				ENABLE_RESOURCE_ACCESS_PHOTO_LIBRARY = YES;
				ENABLE_USER_SELECTED_FILES = readonly;
				GENERATE_INFOPLIST_FILE = YES;
				INFOPLIST_FILE = macOS/macOS.plist;
				INFOPLIST_KEY_CFBundleDisplayName = Dickpic;
				INFOPLIST_KEY_ITSAppUsesNonExemptEncryption = NO;
				INFOPLIST_KEY_LSApplicationCategoryType = "public.app-category.utilities";
				INFOPLIST_KEY_NSAppleMusicUsageDescription = "Required in order to perform sensetive photo analysis";
				INFOPLIST_KEY_NSHumanReadableCopyright = "";
				INFOPLIST_KEY_NSPhotoLibraryUsageDescription = "Required in order to perform sensetive photo analysis";
				LD_RUNPATH_SEARCH_PATHS = (
					"$(inherited)",
					"@executable_path/../Frameworks",
				);
				MACOSX_DEPLOYMENT_TARGET = 14.0;
				PRODUCT_BUNDLE_IDENTIFIER = dev.topscrech.Dickpic;
				PRODUCT_NAME = "$(TARGET_NAME)";
				SDKROOT = macosx;
				SWIFT_EMIT_LOC_STRINGS = YES;
				SWIFT_VERSION = 5.0;
			};
			name = Debug;
		};
		F3B25EA12CBFD97D000C8795 /* Release configuration for PBXNativeTarget "macOS" */ = {
			isa = XCBuildConfiguration;
			buildSettings = {
				ASSETCATALOG_COMPILER_APPICON_NAME = AppIcon;
				ASSETCATALOG_COMPILER_GLOBAL_ACCENT_COLOR_NAME = AccentColor;
				CODE_SIGN_ENTITLEMENTS = macOS/macOS.entitlements;
				CODE_SIGN_STYLE = Automatic;
				COMBINE_HIDPI_IMAGES = YES;
				CURRENT_PROJECT_VERSION = 0;
				DEAD_CODE_STRIPPING = YES;
				DEVELOPMENT_ASSET_PATHS = "";
				ENABLE_APP_SANDBOX = YES;
				ENABLE_HARDENED_RUNTIME = YES;
				ENABLE_PREVIEWS = YES;
				ENABLE_RESOURCE_ACCESS_PHOTO_LIBRARY = YES;
				ENABLE_USER_SELECTED_FILES = readonly;
				GENERATE_INFOPLIST_FILE = YES;
				INFOPLIST_FILE = macOS/macOS.plist;
				INFOPLIST_KEY_CFBundleDisplayName = Dickpic;
				INFOPLIST_KEY_ITSAppUsesNonExemptEncryption = NO;
				INFOPLIST_KEY_LSApplicationCategoryType = "public.app-category.utilities";
				INFOPLIST_KEY_NSAppleMusicUsageDescription = "Required in order to perform sensetive photo analysis";
				INFOPLIST_KEY_NSHumanReadableCopyright = "";
				INFOPLIST_KEY_NSPhotoLibraryUsageDescription = "Required in order to perform sensetive photo analysis";
				LD_RUNPATH_SEARCH_PATHS = (
					"$(inherited)",
					"@executable_path/../Frameworks",
				);
				MACOSX_DEPLOYMENT_TARGET = 14.0;
				PRODUCT_BUNDLE_IDENTIFIER = dev.topscrech.Dickpic;
				PRODUCT_NAME = "$(TARGET_NAME)";
				SDKROOT = macosx;
				SWIFT_EMIT_LOC_STRINGS = YES;
				SWIFT_VERSION = 5.0;
			};
			name = Release;
		};
		F3ECFE5E2CA58A7100E72D41 /* Debug configuration for PBXProject "Dickpic" */ = {
			isa = XCBuildConfiguration;
			buildSettings = {
				ALWAYS_SEARCH_USER_PATHS = NO;
				ASSETCATALOG_COMPILER_GENERATE_SWIFT_ASSET_SYMBOL_EXTENSIONS = YES;
				CLANG_ANALYZER_LOCALIZABILITY_NONLOCALIZED = YES;
				CLANG_ANALYZER_NONNULL = YES;
				CLANG_ANALYZER_NUMBER_OBJECT_CONVERSION = YES_AGGRESSIVE;
				CLANG_CXX_LANGUAGE_STANDARD = "gnu++20";
				CLANG_ENABLE_MODULES = YES;
				CLANG_ENABLE_OBJC_ARC = YES;
				CLANG_ENABLE_OBJC_WEAK = YES;
				CLANG_WARN_BLOCK_CAPTURE_AUTORELEASING = YES;
				CLANG_WARN_BOOL_CONVERSION = YES;
				CLANG_WARN_COMMA = YES;
				CLANG_WARN_CONSTANT_CONVERSION = YES;
				CLANG_WARN_DEPRECATED_OBJC_IMPLEMENTATIONS = YES;
				CLANG_WARN_DIRECT_OBJC_ISA_USAGE = YES_ERROR;
				CLANG_WARN_DOCUMENTATION_COMMENTS = YES;
				CLANG_WARN_EMPTY_BODY = YES;
				CLANG_WARN_ENUM_CONVERSION = YES;
				CLANG_WARN_INFINITE_RECURSION = YES;
				CLANG_WARN_INT_CONVERSION = YES;
				CLANG_WARN_NON_LITERAL_NULL_CONVERSION = YES;
				CLANG_WARN_OBJC_IMPLICIT_RETAIN_SELF = YES;
				CLANG_WARN_OBJC_LITERAL_CONVERSION = YES;
				CLANG_WARN_OBJC_ROOT_CLASS = YES_ERROR;
				CLANG_WARN_QUOTED_INCLUDE_IN_FRAMEWORK_HEADER = YES;
				CLANG_WARN_RANGE_LOOP_ANALYSIS = YES;
				CLANG_WARN_STRICT_PROTOTYPES = YES;
				CLANG_WARN_SUSPICIOUS_MOVE = YES;
				CLANG_WARN_UNGUARDED_AVAILABILITY = YES_AGGRESSIVE;
				CLANG_WARN_UNREACHABLE_CODE = YES;
				CLANG_WARN__DUPLICATE_METHOD_MATCH = YES;
				COPY_PHASE_STRIP = NO;
				DEAD_CODE_STRIPPING = YES;
				DEBUG_INFORMATION_FORMAT = dwarf;
				DEVELOPMENT_TEAM = 8FQUA2F388;
				ENABLE_STRICT_OBJC_MSGSEND = YES;
				ENABLE_TESTABILITY = YES;
				ENABLE_USER_SCRIPT_SANDBOXING = YES;
				GCC_C_LANGUAGE_STANDARD = gnu17;
				GCC_DYNAMIC_NO_PIC = NO;
				GCC_NO_COMMON_BLOCKS = YES;
				GCC_OPTIMIZATION_LEVEL = 0;
				GCC_PREPROCESSOR_DEFINITIONS = (
					"DEBUG=1",
					"$(inherited)",
				);
				GCC_WARN_64_TO_32_BIT_CONVERSION = YES;
				GCC_WARN_ABOUT_RETURN_TYPE = YES_ERROR;
				GCC_WARN_UNDECLARED_SELECTOR = YES;
				GCC_WARN_UNINITIALIZED_AUTOS = YES_AGGRESSIVE;
				GCC_WARN_UNUSED_FUNCTION = YES;
				GCC_WARN_UNUSED_VARIABLE = YES;
				LOCALIZATION_PREFERS_STRING_CATALOGS = YES;
				MARKETING_VERSION = 0.9.1;
				MTL_ENABLE_DEBUG_INFO = INCLUDE_SOURCE;
				MTL_FAST_MATH = YES;
				ONLY_ACTIVE_ARCH = YES;
				STRING_CATALOG_GENERATE_SYMBOLS = YES;
				SWIFT_ACTIVE_COMPILATION_CONDITIONS = "DEBUG $(inherited)";
				SWIFT_EMIT_LOC_STRINGS = YES;
				SWIFT_OPTIMIZATION_LEVEL = "-Onone";
			};
			name = Debug;
		};
		F3ECFE5F2CA58A7100E72D41 /* Release configuration for PBXProject "Dickpic" */ = {
			isa = XCBuildConfiguration;
			buildSettings = {
				ALWAYS_SEARCH_USER_PATHS = NO;
				ASSETCATALOG_COMPILER_GENERATE_SWIFT_ASSET_SYMBOL_EXTENSIONS = YES;
				CLANG_ANALYZER_LOCALIZABILITY_NONLOCALIZED = YES;
				CLANG_ANALYZER_NONNULL = YES;
				CLANG_ANALYZER_NUMBER_OBJECT_CONVERSION = YES_AGGRESSIVE;
				CLANG_CXX_LANGUAGE_STANDARD = "gnu++20";
				CLANG_ENABLE_MODULES = YES;
				CLANG_ENABLE_OBJC_ARC = YES;
				CLANG_ENABLE_OBJC_WEAK = YES;
				CLANG_WARN_BLOCK_CAPTURE_AUTORELEASING = YES;
				CLANG_WARN_BOOL_CONVERSION = YES;
				CLANG_WARN_COMMA = YES;
				CLANG_WARN_CONSTANT_CONVERSION = YES;
				CLANG_WARN_DEPRECATED_OBJC_IMPLEMENTATIONS = YES;
				CLANG_WARN_DIRECT_OBJC_ISA_USAGE = YES_ERROR;
				CLANG_WARN_DOCUMENTATION_COMMENTS = YES;
				CLANG_WARN_EMPTY_BODY = YES;
				CLANG_WARN_ENUM_CONVERSION = YES;
				CLANG_WARN_INFINITE_RECURSION = YES;
				CLANG_WARN_INT_CONVERSION = YES;
				CLANG_WARN_NON_LITERAL_NULL_CONVERSION = YES;
				CLANG_WARN_OBJC_IMPLICIT_RETAIN_SELF = YES;
				CLANG_WARN_OBJC_LITERAL_CONVERSION = YES;
				CLANG_WARN_OBJC_ROOT_CLASS = YES_ERROR;
				CLANG_WARN_QUOTED_INCLUDE_IN_FRAMEWORK_HEADER = YES;
				CLANG_WARN_RANGE_LOOP_ANALYSIS = YES;
				CLANG_WARN_STRICT_PROTOTYPES = YES;
				CLANG_WARN_SUSPICIOUS_MOVE = YES;
				CLANG_WARN_UNGUARDED_AVAILABILITY = YES_AGGRESSIVE;
				CLANG_WARN_UNREACHABLE_CODE = YES;
				CLANG_WARN__DUPLICATE_METHOD_MATCH = YES;
				COPY_PHASE_STRIP = NO;
				DEAD_CODE_STRIPPING = YES;
				DEBUG_INFORMATION_FORMAT = "dwarf-with-dsym";
				DEVELOPMENT_TEAM = 8FQUA2F388;
				ENABLE_NS_ASSERTIONS = NO;
				ENABLE_STRICT_OBJC_MSGSEND = YES;
				ENABLE_USER_SCRIPT_SANDBOXING = YES;
				GCC_C_LANGUAGE_STANDARD = gnu17;
				GCC_NO_COMMON_BLOCKS = YES;
				GCC_WARN_64_TO_32_BIT_CONVERSION = YES;
				GCC_WARN_ABOUT_RETURN_TYPE = YES_ERROR;
				GCC_WARN_UNDECLARED_SELECTOR = YES;
				GCC_WARN_UNINITIALIZED_AUTOS = YES_AGGRESSIVE;
				GCC_WARN_UNUSED_FUNCTION = YES;
				GCC_WARN_UNUSED_VARIABLE = YES;
				LOCALIZATION_PREFERS_STRING_CATALOGS = YES;
				MARKETING_VERSION = 0.9.1;
				MTL_ENABLE_DEBUG_INFO = NO;
				MTL_FAST_MATH = YES;
				STRING_CATALOG_GENERATE_SYMBOLS = YES;
				SWIFT_COMPILATION_MODE = wholemodule;
				SWIFT_EMIT_LOC_STRINGS = YES;
			};
			name = Release;
		};
		F3ECFE612CA58A7100E72D41 /* Debug configuration for PBXNativeTarget "Dickpic" */ = {
			isa = XCBuildConfiguration;
			buildSettings = {
				ASSETCATALOG_COMPILER_APPICON_NAME = AppIcon;
				ASSETCATALOG_COMPILER_GLOBAL_ACCENT_COLOR_NAME = AccentColor;
				CODE_SIGN_ENTITLEMENTS = Dickpic/iOS.entitlements;
				CODE_SIGN_STYLE = Automatic;
				CURRENT_PROJECT_VERSION = 0;
				DEAD_CODE_STRIPPING = YES;
				ENABLE_APP_SANDBOX = YES;
				ENABLE_HARDENED_RUNTIME = YES;
				ENABLE_PREVIEWS = YES;
				ENABLE_USER_SELECTED_FILES = readonly;
				GENERATE_INFOPLIST_FILE = YES;
				INFOPLIST_FILE = Dickpic/iOS.plist;
				INFOPLIST_KEY_CFBundleDisplayName = Dickpic;
				INFOPLIST_KEY_LSApplicationCategoryType = "public.app-category.utilities";
				INFOPLIST_KEY_NSAppleMusicUsageDescription = "Required in order to perform sensetive photo analysis";
				INFOPLIST_KEY_NSPhotoLibraryUsageDescription = "Required in order to perform sensetive photo analysis";
				"INFOPLIST_KEY_UIApplicationSceneManifest_Generation[sdk=iphoneos*]" = YES;
				"INFOPLIST_KEY_UIApplicationSceneManifest_Generation[sdk=iphonesimulator*]" = YES;
				"INFOPLIST_KEY_UIApplicationSupportsIndirectInputEvents[sdk=iphoneos*]" = YES;
				"INFOPLIST_KEY_UIApplicationSupportsIndirectInputEvents[sdk=iphonesimulator*]" = YES;
				"INFOPLIST_KEY_UILaunchScreen_Generation[sdk=iphoneos*]" = YES;
				"INFOPLIST_KEY_UILaunchScreen_Generation[sdk=iphonesimulator*]" = YES;
				"INFOPLIST_KEY_UIStatusBarStyle[sdk=iphoneos*]" = UIStatusBarStyleDefault;
				"INFOPLIST_KEY_UIStatusBarStyle[sdk=iphonesimulator*]" = UIStatusBarStyleDefault;
				INFOPLIST_KEY_UISupportedInterfaceOrientations = "UIInterfaceOrientationLandscapeLeft UIInterfaceOrientationLandscapeRight UIInterfaceOrientationPortrait UIInterfaceOrientationPortraitUpsideDown";
				IPHONEOS_DEPLOYMENT_TARGET = 26.0;
				LD_RUNPATH_SEARCH_PATHS = "@executable_path/Frameworks";
				"LD_RUNPATH_SEARCH_PATHS[sdk=macosx*]" = "@executable_path/../Frameworks";
				MACOSX_DEPLOYMENT_TARGET = 14.0;
				PRODUCT_BUNDLE_IDENTIFIER = dev.topscrech.Dickpic;
				PRODUCT_NAME = "$(TARGET_NAME)";
				SDKROOT = auto;
				SUPPORTED_PLATFORMS = "iphoneos iphonesimulator";
				SUPPORTS_MACCATALYST = NO;
				SWIFT_EMIT_LOC_STRINGS = YES;
				SWIFT_VERSION = 5.0;
				TARGETED_DEVICE_FAMILY = "1,2";
				XROS_DEPLOYMENT_TARGET = 1.0;
			};
			name = Debug;
		};
		F3ECFE622CA58A7100E72D41 /* Release configuration for PBXNativeTarget "Dickpic" */ = {
			isa = XCBuildConfiguration;
			buildSettings = {
				ASSETCATALOG_COMPILER_APPICON_NAME = AppIcon;
				ASSETCATALOG_COMPILER_GLOBAL_ACCENT_COLOR_NAME = AccentColor;
				CODE_SIGN_ENTITLEMENTS = Dickpic/iOS.entitlements;
				CODE_SIGN_STYLE = Automatic;
				CURRENT_PROJECT_VERSION = 0;
				DEAD_CODE_STRIPPING = YES;
				ENABLE_APP_SANDBOX = YES;
				ENABLE_HARDENED_RUNTIME = YES;
				ENABLE_PREVIEWS = YES;
				ENABLE_USER_SELECTED_FILES = readonly;
				GENERATE_INFOPLIST_FILE = YES;
				INFOPLIST_FILE = Dickpic/iOS.plist;
				INFOPLIST_KEY_CFBundleDisplayName = Dickpic;
				INFOPLIST_KEY_LSApplicationCategoryType = "public.app-category.utilities";
				INFOPLIST_KEY_NSAppleMusicUsageDescription = "Required in order to perform sensetive photo analysis";
				INFOPLIST_KEY_NSPhotoLibraryUsageDescription = "Required in order to perform sensetive photo analysis";
				"INFOPLIST_KEY_UIApplicationSceneManifest_Generation[sdk=iphoneos*]" = YES;
				"INFOPLIST_KEY_UIApplicationSceneManifest_Generation[sdk=iphonesimulator*]" = YES;
				"INFOPLIST_KEY_UIApplicationSupportsIndirectInputEvents[sdk=iphoneos*]" = YES;
				"INFOPLIST_KEY_UIApplicationSupportsIndirectInputEvents[sdk=iphonesimulator*]" = YES;
				"INFOPLIST_KEY_UILaunchScreen_Generation[sdk=iphoneos*]" = YES;
				"INFOPLIST_KEY_UILaunchScreen_Generation[sdk=iphonesimulator*]" = YES;
				"INFOPLIST_KEY_UIStatusBarStyle[sdk=iphoneos*]" = UIStatusBarStyleDefault;
				"INFOPLIST_KEY_UIStatusBarStyle[sdk=iphonesimulator*]" = UIStatusBarStyleDefault;
				INFOPLIST_KEY_UISupportedInterfaceOrientations = "UIInterfaceOrientationLandscapeLeft UIInterfaceOrientationLandscapeRight UIInterfaceOrientationPortrait UIInterfaceOrientationPortraitUpsideDown";
				IPHONEOS_DEPLOYMENT_TARGET = 26.0;
				LD_RUNPATH_SEARCH_PATHS = "@executable_path/Frameworks";
				"LD_RUNPATH_SEARCH_PATHS[sdk=macosx*]" = "@executable_path/../Frameworks";
				MACOSX_DEPLOYMENT_TARGET = 14.0;
				PRODUCT_BUNDLE_IDENTIFIER = dev.topscrech.Dickpic;
				PRODUCT_NAME = "$(TARGET_NAME)";
				SDKROOT = auto;
				SUPPORTED_PLATFORMS = "iphoneos iphonesimulator";
				SUPPORTS_MACCATALYST = NO;
				SWIFT_EMIT_LOC_STRINGS = YES;
				SWIFT_VERSION = 5.0;
				TARGETED_DEVICE_FAMILY = "1,2";
				XROS_DEPLOYMENT_TARGET = 1.0;
			};
			name = Release;
		};
/* End XCBuildConfiguration section */

/* Begin XCConfigurationList section */
		F3B25EA22CBFD97D000C8795 /* Build configuration list for PBXNativeTarget "macOS" */ = {
			isa = XCConfigurationList;
			buildConfigurations = (
				F3B25EA02CBFD97D000C8795 /* Debug configuration for PBXNativeTarget "macOS" */,
				F3B25EA12CBFD97D000C8795 /* Release configuration for PBXNativeTarget "macOS" */,
			);
			defaultConfigurationName = Release;
		};
		F3ECFE4C2CA58A7100E72D41 /* Build configuration list for PBXProject "Dickpic" */ = {
			isa = XCConfigurationList;
			buildConfigurations = (
				F3ECFE5E2CA58A7100E72D41 /* Debug configuration for PBXProject "Dickpic" */,
				F3ECFE5F2CA58A7100E72D41 /* Release configuration for PBXProject "Dickpic" */,
			);
			defaultConfigurationName = Release;
		};
		F3ECFE602CA58A7100E72D41 /* Build configuration list for PBXNativeTarget "Dickpic" */ = {
			isa = XCConfigurationList;
			buildConfigurations = (
				F3ECFE612CA58A7100E72D41 /* Debug configuration for PBXNativeTarget "Dickpic" */,
				F3ECFE622CA58A7100E72D41 /* Release configuration for PBXNativeTarget "Dickpic" */,
			);
			defaultConfigurationName = Release;
		};
/* End XCConfigurationList section */

/* Begin XCRemoteSwiftPackageReference section */
		F37F0AB12CA5A2E800FD99F2 /* XCRemoteSwiftPackageReference "ScrechKit" */ = {
			isa = XCRemoteSwiftPackageReference;
			repositoryURL = "https://github.com/TopScrech/ScrechKit";
			requirement = {
				branch = main;
				kind = branch;
			};
		};
		F37F0AC22CA5D8F000FD99F2 /* XCRemoteSwiftPackageReference "QuickLooking" */ = {
			isa = XCRemoteSwiftPackageReference;
			repositoryURL = "https://github.com/TopScrech/QuickLooking";
			requirement = {
				branch = main;
				kind = branch;
			};
		};
/* End XCRemoteSwiftPackageReference section */

/* Begin XCSwiftPackageProductDependency section */
		F34F7D662DF019C100F0D0F5 /* QuickLooking */ = {
			isa = XCSwiftPackageProductDependency;
			package = F37F0AC22CA5D8F000FD99F2 /* XCRemoteSwiftPackageReference "QuickLooking" */;
			productName = QuickLooking;
		};
		F37F0AB22CA5A2E800FD99F2 /* ScrechKit */ = {
			isa = XCSwiftPackageProductDependency;
			package = F37F0AB12CA5A2E800FD99F2 /* XCRemoteSwiftPackageReference "ScrechKit" */;
			productName = ScrechKit;
		};
		F37F0AC32CA5D8F000FD99F2 /* QuickLooking */ = {
			isa = XCSwiftPackageProductDependency;
			package = F37F0AC22CA5D8F000FD99F2 /* XCRemoteSwiftPackageReference "QuickLooking" */;
			productName = QuickLooking;
		};
		F3B25EAF2CBFD9F2000C8795 /* ScrechKit */ = {
			isa = XCSwiftPackageProductDependency;
			package = F37F0AB12CA5A2E800FD99F2 /* XCRemoteSwiftPackageReference "ScrechKit" */;
			productName = ScrechKit;
		};
/* End XCSwiftPackageProductDependency section */
	};
	rootObject = F3ECFE492CA58A7100E72D41 /* Project object */;
}
