// !$*UTF8*$!
{
	archiveVersion = 1;
	classes = {
	};
	objectVersion = 77;
	objects = {

/* Begin PBXBuildFile section */
		F37F0AB32CA5A2E800FD99F2 /* ScrechKit in Frameworks */ = {isa = PBXBuildFile; productRef = F37F0AB22CA5A2E800FD99F2 /* ScrechKit */; };
		F37F0AB52CA5B7E900FD99F2 /* Intro Screen.swift in Sources */ = {isa = PBXBuildFile; fileRef = F37F0AB42CA5B7E900FD99F2 /* Intro Screen.swift */; };
		F37F0AB82CA5BFF500FD99F2 /* Intro Screen 2.swift in Sources */ = {isa = PBXBuildFile; fileRef = F37F0AB72CA5BFF500FD99F2 /* Intro Screen 2.swift */; };
		F37F0ABA2CA5C58400FD99F2 /* Big Button.swift in Sources */ = {isa = PBXBuildFile; fileRef = F37F0AB92CA5C58400FD99F2 /* Big Button.swift */; };
		F37F0ABC2CA5CD9100FD99F2 /* Home View.swift in Sources */ = {isa = PBXBuildFile; fileRef = F37F0ABB2CA5CD9100FD99F2 /* Home View.swift */; };
		F37F0ABE2CA5CDF000FD99F2 /* Settings View.swift in Sources */ = {isa = PBXBuildFile; fileRef = F37F0ABD2CA5CDF000FD99F2 /* Settings View.swift */; };
		F37F0AC02CA5D13200FD99F2 /* Big Link.swift in Sources */ = {isa = PBXBuildFile; fileRef = F37F0ABF2CA5D13200FD99F2 /* Big Link.swift */; };
		F3ECFE6B2CA58A8000E72D41 /* Assets.xcassets in Resources */ = {isa = PBXBuildFile; fileRef = F3ECFE652CA58A8000E72D41 /* Assets.xcassets */; };
		F3ECFE6C2CA58A8000E72D41 /* Library Analysis View.swift in Sources */ = {isa = PBXBuildFile; fileRef = F3ECFE662CA58A8000E72D41 /* Library Analysis View.swift */; };
		F3ECFE6D2CA58A8000E72D41 /* Dickpic App.swift in Sources */ = {isa = PBXBuildFile; fileRef = F3ECFE682CA58A8000E72D41 /* Dickpic App.swift */; };
		F3ECFE702CA5960200E72D41 /* Image Row.swift in Sources */ = {isa = PBXBuildFile; fileRef = F3ECFE6F2CA5960200E72D41 /* Image Row.swift */; };
		F3ECFE722CA5961400E72D41 /* Photo Library VM.swift in Sources */ = {isa = PBXBuildFile; fileRef = F3ECFE712CA5961400E72D41 /* Photo Library VM.swift */; };
		F3ECFE742CA5967C00E72D41 /* App Container.swift in Sources */ = {isa = PBXBuildFile; fileRef = F3ECFE732CA5967C00E72D41 /* App Container.swift */; };
		F3ECFE762CA5976000E72D41 /* Sensitivity Analyzer.swift in Sources */ = {isa = PBXBuildFile; fileRef = F3ECFE752CA5976000E72D41 /* Sensitivity Analyzer.swift */; };
/* End PBXBuildFile section */

/* Begin PBXFileReference section */
		F37F0AB42CA5B7E900FD99F2 /* Intro Screen.swift */ = {isa = PBXFileReference; lastKnownFileType = sourcecode.swift; path = "Intro Screen.swift"; sourceTree = "<group>"; };
		F37F0AB72CA5BFF500FD99F2 /* Intro Screen 2.swift */ = {isa = PBXFileReference; lastKnownFileType = sourcecode.swift; path = "Intro Screen 2.swift"; sourceTree = "<group>"; };
		F37F0AB92CA5C58400FD99F2 /* Big Button.swift */ = {isa = PBXFileReference; lastKnownFileType = sourcecode.swift; path = "Big Button.swift"; sourceTree = "<group>"; };
		F37F0ABB2CA5CD9100FD99F2 /* Home View.swift */ = {isa = PBXFileReference; lastKnownFileType = sourcecode.swift; path = "Home View.swift"; sourceTree = "<group>"; };
		F37F0ABD2CA5CDF000FD99F2 /* Settings View.swift */ = {isa = PBXFileReference; lastKnownFileType = sourcecode.swift; path = "Settings View.swift"; sourceTree = "<group>"; };
		F37F0ABF2CA5D13200FD99F2 /* Big Link.swift */ = {isa = PBXFileReference; lastKnownFileType = sourcecode.swift; path = "Big Link.swift"; sourceTree = "<group>"; };
		F3ECFE512CA58A7100E72D41 /* Dickpic.app */ = {isa = PBXFileReference; explicitFileType = wrapper.application; includeInIndex = 0; path = Dickpic.app; sourceTree = BUILT_PRODUCTS_DIR; };
		F3ECFE652CA58A8000E72D41 /* Assets.xcassets */ = {isa = PBXFileReference; lastKnownFileType = folder.assetcatalog; path = Assets.xcassets; sourceTree = "<group>"; };
		F3ECFE662CA58A8000E72D41 /* Library Analysis View.swift */ = {isa = PBXFileReference; lastKnownFileType = sourcecode.swift; path = "Library Analysis View.swift"; sourceTree = "<group>"; };
		F3ECFE672CA58A8000E72D41 /* Dickpic.entitlements */ = {isa = PBXFileReference; lastKnownFileType = text.plist.entitlements; path = Dickpic.entitlements; sourceTree = "<group>"; };
		F3ECFE682CA58A8000E72D41 /* Dickpic App.swift */ = {isa = PBXFileReference; lastKnownFileType = sourcecode.swift; path = "Dickpic App.swift"; sourceTree = "<group>"; };
		F3ECFE6E2CA58CFB00E72D41 /* Info.plist */ = {isa = PBXFileReference; lastKnownFileType = text.plist.xml; path = Info.plist; sourceTree = "<group>"; };
		F3ECFE6F2CA5960200E72D41 /* Image Row.swift */ = {isa = PBXFileReference; lastKnownFileType = sourcecode.swift; path = "Image Row.swift"; sourceTree = "<group>"; };
		F3ECFE712CA5961400E72D41 /* Photo Library VM.swift */ = {isa = PBXFileReference; lastKnownFileType = sourcecode.swift; path = "Photo Library VM.swift"; sourceTree = "<group>"; };
		F3ECFE732CA5967C00E72D41 /* App Container.swift */ = {isa = PBXFileReference; lastKnownFileType = sourcecode.swift; path = "App Container.swift"; sourceTree = "<group>"; };
		F3ECFE752CA5976000E72D41 /* Sensitivity Analyzer.swift */ = {isa = PBXFileReference; lastKnownFileType = sourcecode.swift; path = "Sensitivity Analyzer.swift"; sourceTree = "<group>"; };
/* End PBXFileReference section */

/* Begin PBXFrameworksBuildPhase section */
		F3ECFE4E2CA58A7100E72D41 /* Frameworks */ = {
			isa = PBXFrameworksBuildPhase;
			buildActionMask = 2147483647;
			files = (
				F37F0AB32CA5A2E800FD99F2 /* ScrechKit in Frameworks */,
			);
			runOnlyForDeploymentPostprocessing = 0;
		};
/* End PBXFrameworksBuildPhase section */

/* Begin PBXGroup section */
		F37F0AB62CA5B7F400FD99F2 /* Intro */ = {
			isa = PBXGroup;
			children = (
				F37F0AB42CA5B7E900FD99F2 /* Intro Screen.swift */,
				F37F0AB72CA5BFF500FD99F2 /* Intro Screen 2.swift */,
				F37F0AB92CA5C58400FD99F2 /* Big Button.swift */,
				F37F0ABF2CA5D13200FD99F2 /* Big Link.swift */,
			);
			path = Intro;
			sourceTree = "<group>";
		};
		F37F0AC12CA5D35E00FD99F2 /* Settings */ = {
			isa = PBXGroup;
			children = (
				F37F0ABD2CA5CDF000FD99F2 /* Settings View.swift */,
			);
			path = Settings;
			sourceTree = "<group>";
		};
		F3ECFE482CA58A7100E72D41 = {
			isa = PBXGroup;
			children = (
				F3ECFE692CA58A8000E72D41 /* Dickpic */,
				F3ECFE522CA58A7100E72D41 /* Products */,
			);
			sourceTree = "<group>";
		};
		F3ECFE522CA58A7100E72D41 /* Products */ = {
			isa = PBXGroup;
			children = (
				F3ECFE512CA58A7100E72D41 /* Dickpic.app */,
			);
			name = Products;
			sourceTree = "<group>";
		};
		F3ECFE692CA58A8000E72D41 /* Dickpic */ = {
			isa = PBXGroup;
			children = (
				F3ECFE682CA58A8000E72D41 /* Dickpic App.swift */,
				F3ECFE732CA5967C00E72D41 /* App Container.swift */,
				F3ECFE6E2CA58CFB00E72D41 /* Info.plist */,
				F3ECFE652CA58A8000E72D41 /* Assets.xcassets */,
				F3ECFE672CA58A8000E72D41 /* Dickpic.entitlements */,
				F37F0ABB2CA5CD9100FD99F2 /* Home View.swift */,
				F37F0AB62CA5B7F400FD99F2 /* Intro */,
				F3ECFE662CA58A8000E72D41 /* Library Analysis View.swift */,
				F3ECFE712CA5961400E72D41 /* Photo Library VM.swift */,
				F3ECFE6F2CA5960200E72D41 /* Image Row.swift */,
				F3ECFE752CA5976000E72D41 /* Sensitivity Analyzer.swift */,
				F37F0AC12CA5D35E00FD99F2 /* Settings */,
			);
			path = Dickpic;
			sourceTree = "<group>";
		};
/* End PBXGroup section */

/* Begin PBXNativeTarget section */
		F3ECFE502CA58A7100E72D41 /* Dickpic */ = {
			isa = PBXNativeTarget;
			buildConfigurationList = F3ECFE602CA58A7100E72D41 /* Build configuration list for PBXNativeTarget "Dickpic" */;
			buildPhases = (
				F3ECFE4D2CA58A7100E72D41 /* Sources */,
				F3ECFE4E2CA58A7100E72D41 /* Frameworks */,
				F3ECFE4F2CA58A7100E72D41 /* Resources */,
			);
			buildRules = (
			);
			dependencies = (
			);
			name = Dickpic;
			packageProductDependencies = (
				F37F0AB22CA5A2E800FD99F2 /* ScrechKit */,
			);
			productName = Dickpic;
			productReference = F3ECFE512CA58A7100E72D41 /* Dickpic.app */;
			productType = "com.apple.product-type.application";
		};
/* End PBXNativeTarget section */

/* Begin PBXProject section */
		F3ECFE492CA58A7100E72D41 /* Project object */ = {
			isa = PBXProject;
			attributes = {
				BuildIndependentTargetsInParallel = 1;
				LastSwiftUpdateCheck = 1600;
				LastUpgradeCheck = 1600;
				TargetAttributes = {
					F3ECFE502CA58A7100E72D41 = {
						CreatedOnToolsVersion = 16.0;
					};
				};
			};
			buildConfigurationList = F3ECFE4C2CA58A7100E72D41 /* Build configuration list for PBXProject "Dickpic" */;
			developmentRegion = en;
			hasScannedForEncodings = 0;
			knownRegions = (
				en,
				Base,
			);
			mainGroup = F3ECFE482CA58A7100E72D41;
			minimizedProjectReferenceProxies = 1;
			packageReferences = (
				F37F0AB12CA5A2E800FD99F2 /* XCRemoteSwiftPackageReference "ScrechKit" */,
			);
			preferredProjectObjectVersion = 77;
			productRefGroup = F3ECFE522CA58A7100E72D41 /* Products */;
			projectDirPath = "";
			projectRoot = "";
			targets = (
				F3ECFE502CA58A7100E72D41 /* Dickpic */,
			);
		};
/* End PBXProject section */

/* Begin PBXResourcesBuildPhase section */
		F3ECFE4F2CA58A7100E72D41 /* Resources */ = {
			isa = PBXResourcesBuildPhase;
			buildActionMask = 2147483647;
			files = (
				F3ECFE6B2CA58A8000E72D41 /* Assets.xcassets in Resources */,
			);
			runOnlyForDeploymentPostprocessing = 0;
		};
/* End PBXResourcesBuildPhase section */

/* Begin PBXSourcesBuildPhase section */
		F3ECFE4D2CA58A7100E72D41 /* Sources */ = {
			isa = PBXSourcesBuildPhase;
			buildActionMask = 2147483647;
			files = (
				F37F0AC02CA5D13200FD99F2 /* Big Link.swift in Sources */,
				F3ECFE6C2CA58A8000E72D41 /* Library Analysis View.swift in Sources */,
				F3ECFE722CA5961400E72D41 /* Photo Library VM.swift in Sources */,
				F3ECFE742CA5967C00E72D41 /* App Container.swift in Sources */,
				F37F0ABC2CA5CD9100FD99F2 /* Home View.swift in Sources */,
				F37F0ABE2CA5CDF000FD99F2 /* Settings View.swift in Sources */,
				F37F0AB82CA5BFF500FD99F2 /* Intro Screen 2.swift in Sources */,
				F3ECFE6D2CA58A8000E72D41 /* Dickpic App.swift in Sources */,
				F3ECFE702CA5960200E72D41 /* Image Row.swift in Sources */,
				F3ECFE762CA5976000E72D41 /* Sensitivity Analyzer.swift in Sources */,
				F37F0AB52CA5B7E900FD99F2 /* Intro Screen.swift in Sources */,
				F37F0ABA2CA5C58400FD99F2 /* Big Button.swift in Sources */,
			);
			runOnlyForDeploymentPostprocessing = 0;
		};
/* End PBXSourcesBuildPhase section */

/* Begin XCBuildConfiguration section */
		F3ECFE5E2CA58A7100E72D41 /* Debug */ = {
			isa = XCBuildConfiguration;
			buildSettings = {
				ALWAYS_SEARCH_USER_PATHS = NO;
				ASSETCATALOG_COMPILER_GENERATE_SWIFT_ASSET_SYMBOL_EXTENSIONS = YES;
				CLANG_ANALYZER_NONNULL = YES;
				CLANG_ANALYZER_NUMBER_OBJECT_CONVERSION = YES_AGGRESSIVE;
				CLANG_CXX_LANGUAGE_STANDARD = "gnu++20";
				CLANG_ENABLE_MODULES = YES;
				CLANG_ENABLE_OBJC_ARC = YES;
				CLANG_ENABLE_OBJC_WEAK = YES;
				CLANG_WARN_BLOCK_CAPTURE_AUTORELEASING = YES;
				CLANG_WARN_BOOL_CONVERSION = YES;
				CLANG_WARN_COMMA = YES;
				CLANG_WARN_CONSTANT_CONVERSION = YES;
				CLANG_WARN_DEPRECATED_OBJC_IMPLEMENTATIONS = YES;
				CLANG_WARN_DIRECT_OBJC_ISA_USAGE = YES_ERROR;
				CLANG_WARN_DOCUMENTATION_COMMENTS = YES;
				CLANG_WARN_EMPTY_BODY = YES;
				CLANG_WARN_ENUM_CONVERSION = YES;
				CLANG_WARN_INFINITE_RECURSION = YES;
				CLANG_WARN_INT_CONVERSION = YES;
				CLANG_WARN_NON_LITERAL_NULL_CONVERSION = YES;
				CLANG_WARN_OBJC_IMPLICIT_RETAIN_SELF = YES;
				CLANG_WARN_OBJC_LITERAL_CONVERSION = YES;
				CLANG_WARN_OBJC_ROOT_CLASS = YES_ERROR;
				CLANG_WARN_QUOTED_INCLUDE_IN_FRAMEWORK_HEADER = YES;
				CLANG_WARN_RANGE_LOOP_ANALYSIS = YES;
				CLANG_WARN_STRICT_PROTOTYPES = YES;
				CLANG_WARN_SUSPICIOUS_MOVE = YES;
				CLANG_WARN_UNGUARDED_AVAILABILITY = YES_AGGRESSIVE;
				CLANG_WARN_UNREACHABLE_CODE = YES;
				CLANG_WARN__DUPLICATE_METHOD_MATCH = YES;
				COPY_PHASE_STRIP = NO;
				DEBUG_INFORMATION_FORMAT = dwarf;
				ENABLE_STRICT_OBJC_MSGSEND = YES;
				ENABLE_TESTABILITY = YES;
				ENABLE_USER_SCRIPT_SANDBOXING = YES;
				GCC_C_LANGUAGE_STANDARD = gnu17;
				GCC_DYNAMIC_NO_PIC = NO;
				GCC_NO_COMMON_BLOCKS = YES;
				GCC_OPTIMIZATION_LEVEL = 0;
				GCC_PREPROCESSOR_DEFINITIONS = (
					"DEBUG=1",
					"$(inherited)",
				);
				GCC_WARN_64_TO_32_BIT_CONVERSION = YES;
				GCC_WARN_ABOUT_RETURN_TYPE = YES_ERROR;
				GCC_WARN_UNDECLARED_SELECTOR = YES;
				GCC_WARN_UNINITIALIZED_AUTOS = YES_AGGRESSIVE;
				GCC_WARN_UNUSED_FUNCTION = YES;
				GCC_WARN_UNUSED_VARIABLE = YES;
				LOCALIZATION_PREFERS_STRING_CATALOGS = YES;
				MTL_ENABLE_DEBUG_INFO = INCLUDE_SOURCE;
				MTL_FAST_MATH = YES;
				ONLY_ACTIVE_ARCH = YES;
				SWIFT_ACTIVE_COMPILATION_CONDITIONS = "DEBUG $(inherited)";
				SWIFT_OPTIMIZATION_LEVEL = "-Onone";
			};
			name = Debug;
		};
		F3ECFE5F2CA58A7100E72D41 /* Release */ = {
			isa = XCBuildConfiguration;
			buildSettings = {
				ALWAYS_SEARCH_USER_PATHS = NO;
				ASSETCATALOG_COMPILER_GENERATE_SWIFT_ASSET_SYMBOL_EXTENSIONS = YES;
				CLANG_ANALYZER_NONNULL = YES;
				CLANG_ANALYZER_NUMBER_OBJECT_CONVERSION = YES_AGGRESSIVE;
				CLANG_CXX_LANGUAGE_STANDARD = "gnu++20";
				CLANG_ENABLE_MODULES = YES;
				CLANG_ENABLE_OBJC_ARC = YES;
				CLANG_ENABLE_OBJC_WEAK = YES;
				CLANG_WARN_BLOCK_CAPTURE_AUTORELEASING = YES;
				CLANG_WARN_BOOL_CONVERSION = YES;
				CLANG_WARN_COMMA = YES;
				CLANG_WARN_CONSTANT_CONVERSION = YES;
				CLANG_WARN_DEPRECATED_OBJC_IMPLEMENTATIONS = YES;
				CLANG_WARN_DIRECT_OBJC_ISA_USAGE = YES_ERROR;
				CLANG_WARN_DOCUMENTATION_COMMENTS = YES;
				CLANG_WARN_EMPTY_BODY = YES;
				CLANG_WARN_ENUM_CONVERSION = YES;
				CLANG_WARN_INFINITE_RECURSION = YES;
				CLANG_WARN_INT_CONVERSION = YES;
				CLANG_WARN_NON_LITERAL_NULL_CONVERSION = YES;
				CLANG_WARN_OBJC_IMPLICIT_RETAIN_SELF = YES;
				CLANG_WARN_OBJC_LITERAL_CONVERSION = YES;
				CLANG_WARN_OBJC_ROOT_CLASS = YES_ERROR;
				CLANG_WARN_QUOTED_INCLUDE_IN_FRAMEWORK_HEADER = YES;
				CLANG_WARN_RANGE_LOOP_ANALYSIS = YES;
				CLANG_WARN_STRICT_PROTOTYPES = YES;
				CLANG_WARN_SUSPICIOUS_MOVE = YES;
				CLANG_WARN_UNGUARDED_AVAILABILITY = YES_AGGRESSIVE;
				CLANG_WARN_UNREACHABLE_CODE = YES;
				CLANG_WARN__DUPLICATE_METHOD_MATCH = YES;
				COPY_PHASE_STRIP = NO;
				DEBUG_INFORMATION_FORMAT = "dwarf-with-dsym";
				ENABLE_NS_ASSERTIONS = NO;
				ENABLE_STRICT_OBJC_MSGSEND = YES;
				ENABLE_USER_SCRIPT_SANDBOXING = YES;
				GCC_C_LANGUAGE_STANDARD = gnu17;
				GCC_NO_COMMON_BLOCKS = YES;
				GCC_WARN_64_TO_32_BIT_CONVERSION = YES;
				GCC_WARN_ABOUT_RETURN_TYPE = YES_ERROR;
				GCC_WARN_UNDECLARED_SELECTOR = YES;
				GCC_WARN_UNINITIALIZED_AUTOS = YES_AGGRESSIVE;
				GCC_WARN_UNUSED_FUNCTION = YES;
				GCC_WARN_UNUSED_VARIABLE = YES;
				LOCALIZATION_PREFERS_STRING_CATALOGS = YES;
				MTL_ENABLE_DEBUG_INFO = NO;
				MTL_FAST_MATH = YES;
				SWIFT_COMPILATION_MODE = wholemodule;
			};
			name = Release;
		};
		F3ECFE612CA58A7100E72D41 /* Debug */ = {
			isa = XCBuildConfiguration;
			buildSettings = {
				ASSETCATALOG_COMPILER_APPICON_NAME = AppIcon;
				ASSETCATALOG_COMPILER_GLOBAL_ACCENT_COLOR_NAME = AccentColor;
				CODE_SIGN_ENTITLEMENTS = Dickpic/Dickpic.entitlements;
				CODE_SIGN_STYLE = Automatic;
				CURRENT_PROJECT_VERSION = 1;
				DEVELOPMENT_TEAM = 8FQUA2F388;
				ENABLE_HARDENED_RUNTIME = YES;
				ENABLE_PREVIEWS = YES;
				GENERATE_INFOPLIST_FILE = YES;
				INFOPLIST_FILE = Dickpic/Info.plist;
				INFOPLIST_KEY_CFBundleDisplayName = Dickpic;
				INFOPLIST_KEY_LSApplicationCategoryType = "public.app-category.utilities";
				INFOPLIST_KEY_NSPhotoLibraryUsageDescription = "Required in order to perform sensetive photo analysis";
				"INFOPLIST_KEY_UIApplicationSceneManifest_Generation[sdk=iphoneos*]" = YES;
				"INFOPLIST_KEY_UIApplicationSceneManifest_Generation[sdk=iphonesimulator*]" = YES;
				"INFOPLIST_KEY_UIApplicationSupportsIndirectInputEvents[sdk=iphoneos*]" = YES;
				"INFOPLIST_KEY_UIApplicationSupportsIndirectInputEvents[sdk=iphonesimulator*]" = YES;
				"INFOPLIST_KEY_UILaunchScreen_Generation[sdk=iphoneos*]" = YES;
				"INFOPLIST_KEY_UILaunchScreen_Generation[sdk=iphonesimulator*]" = YES;
				"INFOPLIST_KEY_UIStatusBarStyle[sdk=iphoneos*]" = UIStatusBarStyleDefault;
				"INFOPLIST_KEY_UIStatusBarStyle[sdk=iphonesimulator*]" = UIStatusBarStyleDefault;
				INFOPLIST_KEY_UISupportedInterfaceOrientations = "UIInterfaceOrientationLandscapeLeft UIInterfaceOrientationLandscapeRight UIInterfaceOrientationPortrait UIInterfaceOrientationPortraitUpsideDown";
				IPHONEOS_DEPLOYMENT_TARGET = 17.0;
				LD_RUNPATH_SEARCH_PATHS = "@executable_path/Frameworks";
				"LD_RUNPATH_SEARCH_PATHS[sdk=macosx*]" = "@executable_path/../Frameworks";
				MACOSX_DEPLOYMENT_TARGET = 14.0;
				MARKETING_VERSION = 0.9;
				PRODUCT_BUNDLE_IDENTIFIER = dev.topscrech.Dickpic;
				PRODUCT_NAME = "$(TARGET_NAME)";
				SDKROOT = auto;
				SUPPORTED_PLATFORMS = "iphoneos iphonesimulator macosx";
				SUPPORTS_MACCATALYST = NO;
				SWIFT_EMIT_LOC_STRINGS = YES;
				SWIFT_VERSION = 5.0;
				TARGETED_DEVICE_FAMILY = "1,2";
				XROS_DEPLOYMENT_TARGET = 1.0;
			};
			name = Debug;
		};
		F3ECFE622CA58A7100E72D41 /* Release */ = {
			isa = XCBuildConfiguration;
			buildSettings = {
				ASSETCATALOG_COMPILER_APPICON_NAME = AppIcon;
				ASSETCATALOG_COMPILER_GLOBAL_ACCENT_COLOR_NAME = AccentColor;
				CODE_SIGN_ENTITLEMENTS = Dickpic/Dickpic.entitlements;
				CODE_SIGN_STYLE = Automatic;
				CURRENT_PROJECT_VERSION = 1;
				DEVELOPMENT_TEAM = 8FQUA2F388;
				ENABLE_HARDENED_RUNTIME = YES;
				ENABLE_PREVIEWS = YES;
				GENERATE_INFOPLIST_FILE = YES;
				INFOPLIST_FILE = Dickpic/Info.plist;
				INFOPLIST_KEY_CFBundleDisplayName = Dickpic;
				INFOPLIST_KEY_LSApplicationCategoryType = "public.app-category.utilities";
				INFOPLIST_KEY_NSPhotoLibraryUsageDescription = "Required in order to perform sensetive photo analysis";
				"INFOPLIST_KEY_UIApplicationSceneManifest_Generation[sdk=iphoneos*]" = YES;
				"INFOPLIST_KEY_UIApplicationSceneManifest_Generation[sdk=iphonesimulator*]" = YES;
				"INFOPLIST_KEY_UIApplicationSupportsIndirectInputEvents[sdk=iphoneos*]" = YES;
				"INFOPLIST_KEY_UIApplicationSupportsIndirectInputEvents[sdk=iphonesimulator*]" = YES;
				"INFOPLIST_KEY_UILaunchScreen_Generation[sdk=iphoneos*]" = YES;
				"INFOPLIST_KEY_UILaunchScreen_Generation[sdk=iphonesimulator*]" = YES;
				"INFOPLIST_KEY_UIStatusBarStyle[sdk=iphoneos*]" = UIStatusBarStyleDefault;
				"INFOPLIST_KEY_UIStatusBarStyle[sdk=iphonesimulator*]" = UIStatusBarStyleDefault;
				INFOPLIST_KEY_UISupportedInterfaceOrientations = "UIInterfaceOrientationLandscapeLeft UIInterfaceOrientationLandscapeRight UIInterfaceOrientationPortrait UIInterfaceOrientationPortraitUpsideDown";
				IPHONEOS_DEPLOYMENT_TARGET = 17.0;
				LD_RUNPATH_SEARCH_PATHS = "@executable_path/Frameworks";
				"LD_RUNPATH_SEARCH_PATHS[sdk=macosx*]" = "@executable_path/../Frameworks";
				MACOSX_DEPLOYMENT_TARGET = 14.0;
				MARKETING_VERSION = 0.9;
				PRODUCT_BUNDLE_IDENTIFIER = dev.topscrech.Dickpic;
				PRODUCT_NAME = "$(TARGET_NAME)";
				SDKROOT = auto;
				SUPPORTED_PLATFORMS = "iphoneos iphonesimulator macosx";
				SUPPORTS_MACCATALYST = NO;
				SWIFT_EMIT_LOC_STRINGS = YES;
				SWIFT_VERSION = 5.0;
				TARGETED_DEVICE_FAMILY = "1,2";
				XROS_DEPLOYMENT_TARGET = 1.0;
			};
			name = Release;
		};
/* End XCBuildConfiguration section */

/* Begin XCConfigurationList section */
		F3ECFE4C2CA58A7100E72D41 /* Build configuration list for PBXProject "Dickpic" */ = {
			isa = XCConfigurationList;
			buildConfigurations = (
				F3ECFE5E2CA58A7100E72D41 /* Debug */,
				F3ECFE5F2CA58A7100E72D41 /* Release */,
			);
			defaultConfigurationIsVisible = 0;
			defaultConfigurationName = Release;
		};
		F3ECFE602CA58A7100E72D41 /* Build configuration list for PBXNativeTarget "Dickpic" */ = {
			isa = XCConfigurationList;
			buildConfigurations = (
				F3ECFE612CA58A7100E72D41 /* Debug */,
				F3ECFE622CA58A7100E72D41 /* Release */,
			);
			defaultConfigurationIsVisible = 0;
			defaultConfigurationName = Release;
		};
/* End XCConfigurationList section */

/* Begin XCRemoteSwiftPackageReference section */
		F37F0AB12CA5A2E800FD99F2 /* XCRemoteSwiftPackageReference "ScrechKit" */ = {
			isa = XCRemoteSwiftPackageReference;
			repositoryURL = "https://github.com/TopScrech/ScrechKit";
			requirement = {
				branch = main;
				kind = branch;
			};
		};
/* End XCRemoteSwiftPackageReference section */

/* Begin XCSwiftPackageProductDependency section */
		F37F0AB22CA5A2E800FD99F2 /* ScrechKit */ = {
			isa = XCSwiftPackageProductDependency;
			package = F37F0AB12CA5A2E800FD99F2 /* XCRemoteSwiftPackageReference "ScrechKit" */;
			productName = ScrechKit;
		};
/* End XCSwiftPackageProductDependency section */
	};
	rootObject = F3ECFE492CA58A7100E72D41 /* Project object */;
}
